
Microsoft Visual Studio Solution File, Format Version 12.00
# Visual Studio Version 17
VisualStudioVersion = 17.7.34003.232
MinimumVisualStudioVersion = 10.0.40219.1
Project("{8BC9CEB8-8B4A-11D0-8D11-00A0C91BC942}") = "QPet_March7th_V1", "QPet_March7th_V1.vcxproj", "{B2A1F12B-47E8-4C78-BA6C-9A7DDB4E721C}"
EndProject
Global
	GlobalSection(SolutionConfigurationPlatforms) = preSolution
		Debug|x64 = Debug|x64
		Release|x64 = Release|x64
	EndGlobalSection
	GlobalSection(ProjectConfigurationPlatforms) = postSolution
		{B2A1F12B-47E8-4C78-BA6C-9A7DDB4E721C}.Debug|x64.ActiveCfg = Debug|x64
		{B2A1F12B-47E8-4C78-BA6C-9A7DDB4E721C}.Debug|x64.Build.0 = Debug|x64
		{B2A1F12B-47E8-4C78-BA6C-9A7DDB4E721C}.Release|x64.ActiveCfg = Release|x64
		{B2A1F12B-47E8-4C78-BA6C-9A7DDB4E721C}.Release|x64.Build.0 = Release|x64
	EndGlobalSection
	GlobalSection(SolutionProperties) = preSolution
		HideSolutionNode = FALSE
	EndGlobalSection
	GlobalSection(ExtensibilityGlobals) = postSolution
		SolutionGuid = {F5D850D8-1D7E-4097-BA56-B5D6DAE53A61}
	EndGlobalSection
EndGlobal
